
Microsoft Visual Studio Solution File, Format Version 12.00
# Visual Studio Version 17
VisualStudioVersion = 17.0.32014.148
MinimumVisualStudioVersion = 10.0.40219.1
Project("{FAE04EC0-301F-11D3-BF4B-00C04F79EFBC}") = "LineComparisionComputation", "LineComparisionComputation.csproj", "{5D007946-4529-48B1-8EE0-8475A281C6F9}"
EndProject
Global
	GlobalSection(SolutionConfigurationPlatforms) = preSolution
		Debug|Any CPU = Debug|Any CPU
		Release|Any CPU = Release|Any CPU
	EndGlobalSection
	GlobalSection(ProjectConfigurationPlatforms) = postSolution
		{5D007946-4529-48B1-8EE0-8475A281C6F9}.Debug|Any CPU.ActiveCfg = Debug|Any CPU
		{5D007946-4529-48B1-8EE0-8475A281C6F9}.Debug|Any CPU.Build.0 = Debug|Any CPU
		{5D007946-4529-48B1-8EE0-8475A281C6F9}.Release|Any CPU.ActiveCfg = Release|Any CPU
		{5D007946-4529-48B1-8EE0-8475A281C6F9}.Release|Any CPU.Build.0 = Release|Any CPU
	EndGlobalSection
	GlobalSection(SolutionProperties) = preSolution
		HideSolutionNode = FALSE
	EndGlobalSection
	GlobalSection(ExtensibilityGlobals) = postSolution
		SolutionGuid = {3A744B82-A8B6-45D2-A042-229A6168602B}
	EndGlobalSection
EndGlobal
